
Microsoft Visual Studio Solution File, Format Version 12.00
# Visual Studio 15
VisualStudioVersion = 15.0.26730.3
MinimumVisualStudioVersion = 10.0.40219.1
Project("{2150E333-8FDC-42A3-9474-1A3956D46DE8}") = "src", "src", "{C31FC622-3BF0-403F-85E6-68F5131E6BDF}"
EndProject
Project("{2150E333-8FDC-42A3-9474-1A3956D46DE8}") = "Solution Items", "Solution Items", "{46066082-7F2D-48AE-9CFC-8BFBE083C410}"
EndProject
Project("{9A19103F-16F7-4668-BE54-9A1E7A4F7556}") = "ContactsApi", "src\ContactsApi\ContactsApi.csproj", "{790BE90E-FF66-4357-921E-C5C8229D980E}"
EndProject
Global
	GlobalSection(SolutionConfigurationPlatforms) = preSolution
		Debug|Any CPU = Debug|Any CPU
		Release|Any CPU = Release|Any CPU
	EndGlobalSection
	GlobalSection(ProjectConfigurationPlatforms) = postSolution
		{790BE90E-FF66-4357-921E-C5C8229D980E}.Debug|Any CPU.ActiveCfg = Debug|Any CPU
		{790BE90E-FF66-4357-921E-C5C8229D980E}.Debug|Any CPU.Build.0 = Debug|Any CPU
		{790BE90E-FF66-4357-921E-C5C8229D980E}.Release|Any CPU.ActiveCfg = Release|Any CPU
		{790BE90E-FF66-4357-921E-C5C8229D980E}.Release|Any CPU.Build.0 = Release|Any CPU
	EndGlobalSection
	GlobalSection(SolutionProperties) = preSolution
		HideSolutionNode = FALSE
	EndGlobalSection
	GlobalSection(NestedProjects) = preSolution
		{790BE90E-FF66-4357-921E-C5C8229D980E} = {C31FC622-3BF0-403F-85E6-68F5131E6BDF}
	EndGlobalSection
	GlobalSection(ExtensibilityGlobals) = postSolution
		SolutionGuid = {38498C0D-41A4-4259-8ABD-237E0AC320F0}
	EndGlobalSection
EndGlobal
